
Microsoft Visual Studio Solution File, Format Version 12.00
Project("{FAE04EC0-301F-11D3-BF4B-00C04F79EFBC}") = "GamepadToMidi.UI.Editor", "UI\Editor\GamepadToMidi.UI.Editor.csproj", "{69E8B7F0-B896-41DC-95AF-28A311805C42}"
EndProject
Project("{FAE04EC0-301F-11D3-BF4B-00C04F79EFBC}") = "GamepadToMidi.UI.Common", "UI\Common\GamepadToMidi.UI.Common.csproj", "{2FF19D5D-3D47-44EB-844E-2F0ABFA9BDF2}"
EndProject
Global
	GlobalSection(SolutionConfigurationPlatforms) = preSolution
		Debug|Any CPU = Debug|Any CPU
		Release|Any CPU = Release|Any CPU
	EndGlobalSection
	GlobalSection(ProjectConfigurationPlatforms) = postSolution
		{69E8B7F0-B896-41DC-95AF-28A311805C42}.Debug|Any CPU.ActiveCfg = Debug|Any CPU
		{69E8B7F0-B896-41DC-95AF-28A311805C42}.Debug|Any CPU.Build.0 = Debug|Any CPU
		{69E8B7F0-B896-41DC-95AF-28A311805C42}.Release|Any CPU.ActiveCfg = Release|Any CPU
		{69E8B7F0-B896-41DC-95AF-28A311805C42}.Release|Any CPU.Build.0 = Release|Any CPU
		{2FF19D5D-3D47-44EB-844E-2F0ABFA9BDF2}.Debug|Any CPU.ActiveCfg = Debug|Any CPU
		{2FF19D5D-3D47-44EB-844E-2F0ABFA9BDF2}.Debug|Any CPU.Build.0 = Debug|Any CPU
		{2FF19D5D-3D47-44EB-844E-2F0ABFA9BDF2}.Release|Any CPU.ActiveCfg = Release|Any CPU
		{2FF19D5D-3D47-44EB-844E-2F0ABFA9BDF2}.Release|Any CPU.Build.0 = Release|Any CPU
	EndGlobalSection
EndGlobal
